
Microsoft Visual Studio Solution File, Format Version 12.00
# Visual Studio 15
VisualStudioVersion = 15.0.28307.1022
MinimumVisualStudioVersion = 10.0.40219.1
Project("{8BC9CEB8-8B4A-11D0-8D11-00A0C91BC942}") = "List", "List\List.vcxproj", "{01C7F2B1-30EA-4FB8-88D5-F3D97BA78C26}"
EndProject
Global
	GlobalSection(SolutionConfigurationPlatforms) = preSolution
		Debug|x64 = Debug|x64
		Debug|x86 = Debug|x86
		Release|x64 = Release|x64
		Release|x86 = Release|x86
	EndGlobalSection
	GlobalSection(ProjectConfigurationPlatforms) = postSolution
		{01C7F2B1-30EA-4FB8-88D5-F3D97BA78C26}.Debug|x64.ActiveCfg = Debug|x64
		{01C7F2B1-30EA-4FB8-88D5-F3D97BA78C26}.Debug|x64.Build.0 = Debug|x64
		{01C7F2B1-30EA-4FB8-88D5-F3D97BA78C26}.Debug|x86.ActiveCfg = Debug|Win32
		{01C7F2B1-30EA-4FB8-88D5-F3D97BA78C26}.Debug|x86.Build.0 = Debug|Win32
		{01C7F2B1-30EA-4FB8-88D5-F3D97BA78C26}.Release|x64.ActiveCfg = Release|x64
		{01C7F2B1-30EA-4FB8-88D5-F3D97BA78C26}.Release|x64.Build.0 = Release|x64
		{01C7F2B1-30EA-4FB8-88D5-F3D97BA78C26}.Release|x86.ActiveCfg = Release|Win32
		{01C7F2B1-30EA-4FB8-88D5-F3D97BA78C26}.Release|x86.Build.0 = Release|Win32
	EndGlobalSection
	GlobalSection(SolutionProperties) = preSolution
		HideSolutionNode = FALSE
	EndGlobalSection
	GlobalSection(ExtensibilityGlobals) = postSolution
		SolutionGuid = {A1F51CD8-F51D-42EB-B2E1-CAF17F9535FD}
	EndGlobalSection
EndGlobal
